
Microsoft Visual Studio Solution File, Format Version 12.00
# Visual Studio 15
VisualStudioVersion = 15.0.28307.1209
MinimumVisualStudioVersion = 10.0.40219.1
Project("{159641D6-6404-4A2A-AE62-294DE0FE8301}") = "BIT-SSIS-Finance", "BIT-SSIS-Finance\BIT-SSIS-Finance.dtproj", "{76382875-A506-4F76-A197-5901AF02E5CA}"
EndProject
Global
	GlobalSection(SolutionConfigurationPlatforms) = preSolution
		Development|Default = Development|Default
	EndGlobalSection
	GlobalSection(ProjectConfigurationPlatforms) = postSolution
		{76382875-A506-4F76-A197-5901AF02E5CA}.Development|Default.ActiveCfg = Development
		{76382875-A506-4F76-A197-5901AF02E5CA}.Development|Default.Build.0 = Development
	EndGlobalSection
	GlobalSection(SolutionProperties) = preSolution
		HideSolutionNode = FALSE
	EndGlobalSection
	GlobalSection(ExtensibilityGlobals) = postSolution
		SolutionGuid = {5D990B96-EBB7-4578-A569-51DE16108AB2}
	EndGlobalSection
EndGlobal
